
Microsoft Visual Studio Solution File, Format Version 12.00
# Visual Studio Version 16
VisualStudioVersion = 16.0.33130.400
MinimumVisualStudioVersion = 10.0.40219.1
Project("{00D1A9C2-B5F0-4AF3-8072-F6C62B433612}") = "metadata-sql", "metadata-sql.sqlproj", "{F3510051-6643-445C-9981-68EFFE0D4E32}"
EndProject
Global
	GlobalSection(SolutionConfigurationPlatforms) = preSolution
		Debug|Any CPU = Debug|Any CPU
		Release|Any CPU = Release|Any CPU
	EndGlobalSection
	GlobalSection(ProjectConfigurationPlatforms) = postSolution
		{F3510051-6643-445C-9981-68EFFE0D4E32}.Debug|Any CPU.ActiveCfg = Debug|Any CPU
		{F3510051-6643-445C-9981-68EFFE0D4E32}.Debug|Any CPU.Build.0 = Debug|Any CPU
		{F3510051-6643-445C-9981-68EFFE0D4E32}.Debug|Any CPU.Deploy.0 = Debug|Any CPU
		{F3510051-6643-445C-9981-68EFFE0D4E32}.Release|Any CPU.ActiveCfg = Release|Any CPU
		{F3510051-6643-445C-9981-68EFFE0D4E32}.Release|Any CPU.Build.0 = Release|Any CPU
		{F3510051-6643-445C-9981-68EFFE0D4E32}.Release|Any CPU.Deploy.0 = Release|Any CPU
	EndGlobalSection
	GlobalSection(SolutionProperties) = preSolution
		HideSolutionNode = FALSE
	EndGlobalSection
	GlobalSection(ExtensibilityGlobals) = postSolution
		SolutionGuid = {F76675A6-6984-43B9-84AC-8E186D48533E}
	EndGlobalSection
EndGlobal
